PODS:
  - Alamofire (5.1.0)
  - AlamofireEasyLogger (1.5.1):
    - Alamofire (>= 5.0)

DEPENDENCIES:
  - AlamofireEasyLogger (from `../`)

SPEC REPOS:
  trunk:
    - Alamofire

EXTERNAL SOURCES:
  AlamofireEasyLogger:
    :path: "../"

SPEC CHECKSUMS:
  Alamofire: 9d5c5f602928e512395b30950c5984eca840093c
  AlamofireEasyLogger: 838104f223f3ef584b1927698c16dfbc545deb01

PODFILE CHECKSUM: 602735ea8c69c6ecda6a847e3ce44511539434cf

COCOAPODS: 1.10.0
