PODS:
  - Alamofire (5.1.0)
  - AlamofireEasyLogger (1.4.0):
    - Alamofire (>= 5.0)

DEPENDENCIES:
  - AlamofireEasyLogger (from `../`)

SPEC REPOS:
  trunk:
    - Alamofire

EXTERNAL SOURCES:
  AlamofireEasyLogger:
    :path: "../"

SPEC CHECKSUMS:
  Alamofire: 9d5c5f602928e512395b30950c5984eca840093c
  AlamofireEasyLogger: fa67d9063e16b1f20993f4d802226ca6e3d54f6b

PODFILE CHECKSUM: 602735ea8c69c6ecda6a847e3ce44511539434cf

COCOAPODS: 1.9.1
