PODS:
  - Alamofire (4.9.1)
  - AlamofireEasyLogger (1.1.0):
    - Alamofire (>= 4.6)

DEPENDENCIES:
  - AlamofireEasyLogger (from `./`)

SPEC REPOS:
  trunk:
    - Alamofire

EXTERNAL SOURCES:
  AlamofireEasyLogger:
    :path: "./"

SPEC CHECKSUMS:
  Alamofire: 85e8a02c69d6020a0d734f6054870d7ecb75cf18
  AlamofireEasyLogger: 626df3a6255e30869dc08fc3b497f5e45c51b7d8

PODFILE CHECKSUM: d12ba139573e69088f024e5e0c4dd448edfe0c1d

COCOAPODS: 1.9.1
